["umari:common"]
path = "../common"
sha256 = "34ac700a7757709ca792e2acb87cd6b3b2c830b0c307016c71b25a6bc3734197"
sha512 = "8d774508bded2f7787c34b3a3009d64d1b0f88a15985f7ad9a23b3353a8ca841cabfc0ceeb051cd1c70020d639f54cbc9c066607e5d0a6867b2c233f1ca5bfc5"

["umari:sqlite"]
path = "../sqlite"
sha256 = "15fafada810b626d053b514f3b273531a77fd2901d13032b0a31c1f527d05a58"
sha512 = "e5b4cc8f973957e44dcb66c0e147d6ffebf1d7d5c6e5bd2024c30aea5b2b237e6ffdf0f5ba94c1ede9b11422709aa02cbf835c4cac1e9b43b8c39e77caa2b45b"
