["umari:common"]
path = "../common"
sha256 = "854729c9da4319adea204b03262a4c09a0865e9f93b261ddc7068ce955bb3c3b"
sha512 = "b131ef9b75ddfbca7394b62268b141fb8fca4cf092faa666f64f39c4a3c9e814ea9f593277f4d738426ed2385a255b10a2c5ee8c5c7eb9e62d95c45c133d4491"

["umari:sqlite"]
path = "../sqlite"
sha256 = "15fafada810b626d053b514f3b273531a77fd2901d13032b0a31c1f527d05a58"
sha512 = "e5b4cc8f973957e44dcb66c0e147d6ffebf1d7d5c6e5bd2024c30aea5b2b237e6ffdf0f5ba94c1ede9b11422709aa02cbf835c4cac1e9b43b8c39e77caa2b45b"
