["umari:common"]
path = "../common"
sha256 = "4a8fcca19ba3674558bcfb4e3b60bf58650c380c70be228f842da77b3ffc93e9"
sha512 = "fb51b8d746ba9446f388f6a2dd9078255dc87ae48497e9cce9ab41c923f60de6fa5851902665e954c58d5dbc67f36baf430cd1ddfe2af394e9d62038c7dd72ab"

["umari:sqlite"]
path = "../sqlite"
sha256 = "6e822133271d853c4f0d0a3590047150d6ae179e1a2ba5aab2342435e7a43880"
sha512 = "c1f447d7ee1d8df206cdd1cdc342e3b47137258ba7e00a587b6b8c0d90e64c5c70551d909e58497a47511399cc7e1268b8a9ee041fcf40c5fda1a0a83a051022"
