["umari:common"]
path = "../common"
sha256 = "1c0d7ab4fe89cc953d7e341f5e5575012818ae726841e8bdecb4d15dd124fffb"
sha512 = "2086da583090aecfae63193ca918679488a39046aff5cdeacd94609f2fe28a85a8e166bc608f6459cce4193c410fbd3fa5f5182d9b2bff6ebbd26ef61883d4d0"

["umari:sqlite"]
path = "../sqlite"
sha256 = "6e822133271d853c4f0d0a3590047150d6ae179e1a2ba5aab2342435e7a43880"
sha512 = "c1f447d7ee1d8df206cdd1cdc342e3b47137258ba7e00a587b6b8c0d90e64c5c70551d909e58497a47511399cc7e1268b8a9ee041fcf40c5fda1a0a83a051022"
