["umari:common"]
path = "../common"
sha256 = "854729c9da4319adea204b03262a4c09a0865e9f93b261ddc7068ce955bb3c3b"
sha512 = "b131ef9b75ddfbca7394b62268b141fb8fca4cf092faa666f64f39c4a3c9e814ea9f593277f4d738426ed2385a255b10a2c5ee8c5c7eb9e62d95c45c133d4491"

["umari:sqlite"]
path = "../sqlite"
sha256 = "6e822133271d853c4f0d0a3590047150d6ae179e1a2ba5aab2342435e7a43880"
sha512 = "c1f447d7ee1d8df206cdd1cdc342e3b47137258ba7e00a587b6b8c0d90e64c5c70551d909e58497a47511399cc7e1268b8a9ee041fcf40c5fda1a0a83a051022"
