["umari:common"]
path = "../common"
sha256 = "9ddb2654a49562669d8185ae43190f1c64eb597bb54ceaf8e2e8ae7bc02b32a5"
sha512 = "8a08d5f578ed3500905489fe76f1c8bedce5a226d05354ea7bb88c96f7cf2318cd693981531a83a5f7443b99d007f45507c924916b5b4b0dfdee1fe251f3c578"

["umari:sqlite"]
path = "../sqlite"
sha256 = "6e822133271d853c4f0d0a3590047150d6ae179e1a2ba5aab2342435e7a43880"
sha512 = "c1f447d7ee1d8df206cdd1cdc342e3b47137258ba7e00a587b6b8c0d90e64c5c70551d909e58497a47511399cc7e1268b8a9ee041fcf40c5fda1a0a83a051022"
